
Microsoft Visual Studio Solution File, Format Version 12.00
# Visual Studio Version 17
VisualStudioVersion = 17.13.35825.156 d17.13
MinimumVisualStudioVersion = 10.0.40219.1
Project("{FAE04EC0-301F-11D3-BF4B-00C04F79EFBC}") = "CalculosGeometricos", "CalculosGeometricos.csproj", "{959EE578-E669-4FF5-8BAD-CFF552AB4455}"
EndProject
Global
	GlobalSection(SolutionConfigurationPlatforms) = preSolution
		Debug|Any CPU = Debug|Any CPU
		Release|Any CPU = Release|Any CPU
	EndGlobalSection
	GlobalSection(ProjectConfigurationPlatforms) = postSolution
		{959EE578-E669-4FF5-8BAD-CFF552AB4455}.Debug|Any CPU.ActiveCfg = Debug|Any CPU
		{959EE578-E669-4FF5-8BAD-CFF552AB4455}.Debug|Any CPU.Build.0 = Debug|Any CPU
		{959EE578-E669-4FF5-8BAD-CFF552AB4455}.Release|Any CPU.ActiveCfg = Release|Any CPU
		{959EE578-E669-4FF5-8BAD-CFF552AB4455}.Release|Any CPU.Build.0 = Release|Any CPU
	EndGlobalSection
	GlobalSection(SolutionProperties) = preSolution
		HideSolutionNode = FALSE
	EndGlobalSection
	GlobalSection(ExtensibilityGlobals) = postSolution
		SolutionGuid = {C5A68F5D-8765-42B2-B6E7-4C26482C8CF3}
	EndGlobalSection
EndGlobal
